
Microsoft Visual Studio Solution File, Format Version 12.00
# Visual Studio Version 16
VisualStudioVersion = 25.0.1706.7
MinimumVisualStudioVersion = 10.0.40219.1
Project("{FAE04EC0-301F-11D3-BF4B-00C04F79EFBC}") = "gpxViewer", "gpxViewer\gpxViewer.csproj", "{93DF096C-A1A8-4BD5-8252-93A98ADE2179}"
EndProject
Global
	GlobalSection(SolutionConfigurationPlatforms) = preSolution
		Debug|Any CPU = Debug|Any CPU
		Release|Any CPU = Release|Any CPU
	EndGlobalSection
	GlobalSection(ProjectConfigurationPlatforms) = postSolution
		{93DF096C-A1A8-4BD5-8252-93A98ADE2179}.Debug|Any CPU.ActiveCfg = Debug|Any CPU
		{93DF096C-A1A8-4BD5-8252-93A98ADE2179}.Debug|Any CPU.Build.0 = Debug|Any CPU
		{93DF096C-A1A8-4BD5-8252-93A98ADE2179}.Release|Any CPU.ActiveCfg = Release|Any CPU
		{93DF096C-A1A8-4BD5-8252-93A98ADE2179}.Release|Any CPU.Build.0 = Release|Any CPU
	EndGlobalSection
	GlobalSection(SolutionProperties) = preSolution
		HideSolutionNode = FALSE
	EndGlobalSection
	GlobalSection(ExtensibilityGlobals) = postSolution
		SolutionGuid = {54A5A818-4169-4242-BD5D-9A7726CF11D1}
	EndGlobalSection
EndGlobal
